Microsoft Visual Studio Solution File, Format Version 11.00
# Visual Studio 2008

Project("{651C0D16-A9FA-6640-707F-8E514E4D4FEB}") = "11.Infinite_Color_Switch", "Assembly-CSharp.csproj", "{B154CD79-9583-2C0B-1284-F012300C21CD}"
EndProject
Global
	GlobalSection(SolutionConfigurationPlatforms) = preSolution
		Debug|Any CPU = Debug|Any CPU
		Release|Any CPU = Release|Any CPU
	EndGlobalSection
	GlobalSection(ProjectConfigurationPlatforms) = postSolution
		{B154CD79-9583-2C0B-1284-F012300C21CD}.Debug|Any CPU.ActiveCfg = Debug|Any CPU
		{B154CD79-9583-2C0B-1284-F012300C21CD}.Debug|Any CPU.Build.0 = Debug|Any CPU
		{B154CD79-9583-2C0B-1284-F012300C21CD}.Release|Any CPU.ActiveCfg = Release|Any CPU
		{B154CD79-9583-2C0B-1284-F012300C21CD}.Release|Any CPU.Build.0 = Release|Any CPU
	EndGlobalSection
	GlobalSection(SolutionProperties) = preSolution
		HideSolutionNode = FALSE
	EndGlobalSection
	GlobalSection(MonoDevelopProperties) = preSolution
		StartupItem = Assembly-CSharp.csproj
	EndGlobalSection
EndGlobal
