
Microsoft Visual Studio Solution File, Format Version 12.00
# Visual Studio 2017
Project("{FAE04EC0-301F-11D3-BF4B-00C04F79EFBC}") = "8.Infinite Runner Ball", "8.Infinite Runner Ball.csproj", "{26102ADE-C997-BC9F-19A2-B0CCDD1D9FAD}"
EndProject
Global
	GlobalSection(SolutionConfigurationPlatforms) = preSolution
		Debug|Any CPU = Debug|Any CPU
		Release|Any CPU = Release|Any CPU
	EndGlobalSection
	GlobalSection(ProjectConfigurationPlatforms) = postSolution
		{26102ADE-C997-BC9F-19A2-B0CCDD1D9FAD}.Debug|Any CPU.ActiveCfg = Debug|Any CPU
		{26102ADE-C997-BC9F-19A2-B0CCDD1D9FAD}.Debug|Any CPU.Build.0 = Debug|Any CPU
		{26102ADE-C997-BC9F-19A2-B0CCDD1D9FAD}.Release|Any CPU.ActiveCfg = Release|Any CPU
		{26102ADE-C997-BC9F-19A2-B0CCDD1D9FAD}.Release|Any CPU.Build.0 = Release|Any CPU
	EndGlobalSection
	GlobalSection(SolutionProperties) = preSolution
		HideSolutionNode = FALSE
	EndGlobalSection
EndGlobal
